// !$*UTF8*$!
{
	archiveVersion = 1;
	classes = {
	};
	objectVersion = 51;
	objects = {

/* Begin PBXBuildFile section */
		042D104F237F522300B88362 /* LuggagesController.swift in Sources */ = {isa = PBXBuildFile; fileRef = 042D104E237F522300B88362 /* LuggagesController.swift */; };
		042D1053237F545700B88362 /* Luggage.swift in Sources */ = {isa = PBXBuildFile; fileRef = 042D1052237F545700B88362 /* Luggage.swift */; };
		042D1056237F60DF00B88362 /* BorderRadiusView.swift in Sources */ = {isa = PBXBuildFile; fileRef = 042D1055237F60DF00B88362 /* BorderRadiusView.swift */; };
		042D1058237FFF5800B88362 /* Event.swift in Sources */ = {isa = PBXBuildFile; fileRef = 042D1057237FFF5800B88362 /* Event.swift */; };
		042D105A2380138C00B88362 /* EventsController.swift in Sources */ = {isa = PBXBuildFile; fileRef = 042D10592380138C00B88362 /* EventsController.swift */; };
		042D105C23801AC200B88362 /* BorderRadiusButton.swift in Sources */ = {isa = PBXBuildFile; fileRef = 042D105B23801AC200B88362 /* BorderRadiusButton.swift */; };
		044E6171237F3EB60061A071 /* AppDelegate.swift in Sources */ = {isa = PBXBuildFile; fileRef = 044E6170237F3EB60061A071 /* AppDelegate.swift */; };
		044E6173237F3EB60061A071 /* ViewController.swift in Sources */ = {isa = PBXBuildFile; fileRef = 044E6172237F3EB60061A071 /* ViewController.swift */; };
		044E6176237F3EB60061A071 /* Main.storyboard in Resources */ = {isa = PBXBuildFile; fileRef = 044E6174237F3EB60061A071 /* Main.storyboard */; };
		044E6179237F3EB60061A071 /* TrackIT.xcdatamodeld in Sources */ = {isa = PBXBuildFile; fileRef = 044E6177237F3EB60061A071 /* TrackIT.xcdatamodeld */; };
		044E617B237F3EB70061A071 /* Assets.xcassets in Resources */ = {isa = PBXBuildFile; fileRef = 044E617A237F3EB70061A071 /* Assets.xcassets */; };
		044E617E237F3EB70061A071 /* LaunchScreen.storyboard in Resources */ = {isa = PBXBuildFile; fileRef = 044E617C237F3EB70061A071 /* LaunchScreen.storyboard */; };
		044E6188237F46D70061A071 /* API.swift in Sources */ = {isa = PBXBuildFile; fileRef = 044E6187237F46D70061A071 /* API.swift */; };
		044E618A237F47A40061A071 /* TrackingController.swift in Sources */ = {isa = PBXBuildFile; fileRef = 044E6189237F47A40061A071 /* TrackingController.swift */; };
		044E618D237F4B9F0061A071 /* BaseURL.swift in Sources */ = {isa = PBXBuildFile; fileRef = 044E618C237F4B9F0061A071 /* BaseURL.swift */; };
		FC8FE35EB0A15E512877F133 /* Pods_TrackIT.framework in Frameworks */ = {isa = PBXBuildFile; fileRef = 04184349A582D9BACF36740A /* Pods_TrackIT.framework */; };
/* End PBXBuildFile section */

/* Begin PBXFileReference section */
		04184349A582D9BACF36740A /* Pods_TrackIT.framework */ = {isa = PBXFileReference; explicitFileType = wrapper.framework; includeInIndex = 0; path = Pods_TrackIT.framework; sourceTree = BUILT_PRODUCTS_DIR; };
		042D104E237F522300B88362 /* LuggagesController.swift */ = {isa = PBXFileReference; lastKnownFileType = sourcecode.swift; path = LuggagesController.swift; sourceTree = "<group>"; };
		042D1052237F545700B88362 /* Luggage.swift */ = {isa = PBXFileReference; lastKnownFileType = sourcecode.swift; path = Luggage.swift; sourceTree = "<group>"; };
		042D1055237F60DF00B88362 /* BorderRadiusView.swift */ = {isa = PBXFileReference; lastKnownFileType = sourcecode.swift; path = BorderRadiusView.swift; sourceTree = "<group>"; };
		042D1057237FFF5800B88362 /* Event.swift */ = {isa = PBXFileReference; lastKnownFileType = sourcecode.swift; path = Event.swift; sourceTree = "<group>"; };
		042D10592380138C00B88362 /* EventsController.swift */ = {isa = PBXFileReference; lastKnownFileType = sourcecode.swift; path = EventsController.swift; sourceTree = "<group>"; };
		042D105B23801AC200B88362 /* BorderRadiusButton.swift */ = {isa = PBXFileReference; lastKnownFileType = sourcecode.swift; path = BorderRadiusButton.swift; sourceTree = "<group>"; };
		044E616D237F3EB60061A071 /* TrackIT.app */ = {isa = PBXFileReference; explicitFileType = wrapper.application; includeInIndex = 0; path = TrackIT.app; sourceTree = BUILT_PRODUCTS_DIR; };
		044E6170237F3EB60061A071 /* AppDelegate.swift */ = {isa = PBXFileReference; lastKnownFileType = sourcecode.swift; path = AppDelegate.swift; sourceTree = "<group>"; };
		044E6172237F3EB60061A071 /* ViewController.swift */ = {isa = PBXFileReference; lastKnownFileType = sourcecode.swift; path = ViewController.swift; sourceTree = "<group>"; };
		044E6175237F3EB60061A071 /* Base */ = {isa = PBXFileReference; lastKnownFileType = file.storyboard; name = Base; path = Base.lproj/Main.storyboard; sourceTree = "<group>"; };
		044E6178237F3EB60061A071 /* TrackIT.xcdatamodel */ = {isa = PBXFileReference; lastKnownFileType = wrapper.xcdatamodel; path = TrackIT.xcdatamodel; sourceTree = "<group>"; };
		044E617A237F3EB70061A071 /* Assets.xcassets */ = {isa = PBXFileReference; lastKnownFileType = folder.assetcatalog; path = Assets.xcassets; sourceTree = "<group>"; };
		044E617D237F3EB70061A071 /* Base */ = {isa = PBXFileReference; lastKnownFileType = file.storyboard; name = Base; path = Base.lproj/LaunchScreen.storyboard; sourceTree = "<group>"; };
		044E617F237F3EB70061A071 /* Info.plist */ = {isa = PBXFileReference; lastKnownFileType = text.plist.xml; path = Info.plist; sourceTree = "<group>"; };
		044E6187237F46D70061A071 /* API.swift */ = {isa = PBXFileReference; lastKnownFileType = sourcecode.swift; path = API.swift; sourceTree = "<group>"; };
		044E6189237F47A40061A071 /* TrackingController.swift */ = {isa = PBXFileReference; lastKnownFileType = sourcecode.swift; path = TrackingController.swift; sourceTree = "<group>"; };
		044E618C237F4B9F0061A071 /* BaseURL.swift */ = {isa = PBXFileReference; lastKnownFileType = sourcecode.swift; path = BaseURL.swift; sourceTree = "<group>"; };
		0EFA55BBF612B069EBCD4580 /* Pods-TrackIT.release.xcconfig */ = {isa = PBXFileReference; includeInIndex = 1; lastKnownFileType = text.xcconfig; name = "Pods-TrackIT.release.xcconfig"; path = "Target Support Files/Pods-TrackIT/Pods-TrackIT.release.xcconfig"; sourceTree = "<group>"; };
		77EBFF771023DD90DED0D4B6 /* Pods-TrackIT.debug.xcconfig */ = {isa = PBXFileReference; includeInIndex = 1; lastKnownFileType = text.xcconfig; name = "Pods-TrackIT.debug.xcconfig"; path = "Target Support Files/Pods-TrackIT/Pods-TrackIT.debug.xcconfig"; sourceTree = "<group>"; };
/* End PBXFileReference section */

/* Begin PBXFrameworksBuildPhase section */
		044E616A237F3EB60061A071 /* Frameworks */ = {
			isa = PBXFrameworksBuildPhase;
			buildActionMask = 2147483647;
			files = (
				FC8FE35EB0A15E512877F133 /* Pods_TrackIT.framework in Frameworks */,
			);
			runOnlyForDeploymentPostprocessing = 0;
		};
/* End PBXFrameworksBuildPhase section */

/* Begin PBXGroup section */
		042D1051237F543D00B88362 /* Modeles */ = {
			isa = PBXGroup;
			children = (
				042D1052237F545700B88362 /* Luggage.swift */,
				042D1057237FFF5800B88362 /* Event.swift */,
			);
			path = Modeles;
			sourceTree = "<group>";
		};
		042D1054237F60C700B88362 /* Views */ = {
			isa = PBXGroup;
			children = (
				042D1055237F60DF00B88362 /* BorderRadiusView.swift */,
				042D105B23801AC200B88362 /* BorderRadiusButton.swift */,
			);
			path = Views;
			sourceTree = "<group>";
		};
		044E6164237F3EB60061A071 = {
			isa = PBXGroup;
			children = (
				044E616F237F3EB60061A071 /* TrackIT */,
				044E616E237F3EB60061A071 /* Products */,
				4C507C9D22765AA80BC55583 /* Pods */,
				A83DE1517F1726B56EA43CC1 /* Frameworks */,
			);
			sourceTree = "<group>";
		};
		044E616E237F3EB60061A071 /* Products */ = {
			isa = PBXGroup;
			children = (
				044E616D237F3EB60061A071 /* TrackIT.app */,
			);
			name = Products;
			sourceTree = "<group>";
		};
		044E616F237F3EB60061A071 /* TrackIT */ = {
			isa = PBXGroup;
			children = (
				042D1054237F60C700B88362 /* Views */,
				042D1051237F543D00B88362 /* Modeles */,
				044E618B237F4B7E0061A071 /* Config */,
				044E6186237F43680061A071 /* Services */,
				044E6185237F435F0061A071 /* Controllers */,
				044E6170237F3EB60061A071 /* AppDelegate.swift */,
				044E6174237F3EB60061A071 /* Main.storyboard */,
				044E617A237F3EB70061A071 /* Assets.xcassets */,
				044E617C237F3EB70061A071 /* LaunchScreen.storyboard */,
				044E617F237F3EB70061A071 /* Info.plist */,
				044E6177237F3EB60061A071 /* TrackIT.xcdatamodeld */,
			);
			path = TrackIT;
			sourceTree = "<group>";
		};
		044E6185237F435F0061A071 /* Controllers */ = {
			isa = PBXGroup;
			children = (
				044E6172237F3EB60061A071 /* ViewController.swift */,
				044E6189237F47A40061A071 /* TrackingController.swift */,
				042D104E237F522300B88362 /* LuggagesController.swift */,
				042D10592380138C00B88362 /* EventsController.swift */,
			);
			path = Controllers;
			sourceTree = "<group>";
		};
		044E6186237F43680061A071 /* Services */ = {
			isa = PBXGroup;
			children = (
				044E6187237F46D70061A071 /* API.swift */,
			);
			path = Services;
			sourceTree = "<group>";
		};
		044E618B237F4B7E0061A071 /* Config */ = {
			isa = PBXGroup;
			children = (
				044E618C237F4B9F0061A071 /* BaseURL.swift */,
			);
			path = Config;
			sourceTree = "<group>";
		};
		4C507C9D22765AA80BC55583 /* Pods */ = {
			isa = PBXGroup;
			children = (
				77EBFF771023DD90DED0D4B6 /* Pods-TrackIT.debug.xcconfig */,
				0EFA55BBF612B069EBCD4580 /* Pods-TrackIT.release.xcconfig */,
			);
			path = Pods;
			sourceTree = "<group>";
		};
		A83DE1517F1726B56EA43CC1 /* Frameworks */ = {
			isa = PBXGroup;
			children = (
				04184349A582D9BACF36740A /* Pods_TrackIT.framework */,
			);
			name = Frameworks;
			sourceTree = "<group>";
		};
/* End PBXGroup section */

/* Begin PBXNativeTarget section */
		044E616C237F3EB60061A071 /* TrackIT */ = {
			isa = PBXNativeTarget;
			buildConfigurationList = 044E6182237F3EB70061A071 /* Build configuration list for PBXNativeTarget "TrackIT" */;
			buildPhases = (
				A288902BE1105AEDC9155544 /* [CP] Check Pods Manifest.lock */,
				044E6169237F3EB60061A071 /* Sources */,
				044E616A237F3EB60061A071 /* Frameworks */,
				044E616B237F3EB60061A071 /* Resources */,
				56C24D03D4459F45B7F4968A /* [CP] Embed Pods Frameworks */,
			);
			buildRules = (
			);
			dependencies = (
			);
			name = TrackIT;
			productName = TrackIT;
			productReference = 044E616D237F3EB60061A071 /* TrackIT.app */;
			productType = "com.apple.product-type.application";
		};
/* End PBXNativeTarget section */

/* Begin PBXProject section */
		044E6165237F3EB60061A071 /* Project object */ = {
			isa = PBXProject;
			attributes = {
				LastSwiftUpdateCheck = 1010;
				LastUpgradeCheck = 1010;
				ORGANIZATIONNAME = mossab;
				TargetAttributes = {
					044E616C237F3EB60061A071 = {
						CreatedOnToolsVersion = 10.1;
					};
				};
			};
			buildConfigurationList = 044E6168237F3EB60061A071 /* Build configuration list for PBXProject "TrackIT" */;
			compatibilityVersion = "Xcode 9.3";
			developmentRegion = en;
			hasScannedForEncodings = 0;
			knownRegions = (
				en,
				Base,
			);
			mainGroup = 044E6164237F3EB60061A071;
			productRefGroup = 044E616E237F3EB60061A071 /* Products */;
			projectDirPath = "";
			projectRoot = "";
			targets = (
				044E616C237F3EB60061A071 /* TrackIT */,
			);
		};
/* End PBXProject section */

/* Begin PBXResourcesBuildPhase section */
		044E616B237F3EB60061A071 /* Resources */ = {
			isa = PBXResourcesBuildPhase;
			buildActionMask = 2147483647;
			files = (
				044E617E237F3EB70061A071 /* LaunchScreen.storyboard in Resources */,
				044E617B237F3EB70061A071 /* Assets.xcassets in Resources */,
				044E6176237F3EB60061A071 /* Main.storyboard in Resources */,
			);
			runOnlyForDeploymentPostprocessing = 0;
		};
/* End PBXResourcesBuildPhase section */

/* Begin PBXShellScriptBuildPhase section */
		56C24D03D4459F45B7F4968A /* [CP] Embed Pods Frameworks */ = {
			isa = PBXShellScriptBuildPhase;
			buildActionMask = 2147483647;
			files = (
			);
			inputFileListPaths = (
				"${PODS_ROOT}/Target Support Files/Pods-TrackIT/Pods-TrackIT-frameworks-${CONFIGURATION}-input-files.xcfilelist",
			);
			name = "[CP] Embed Pods Frameworks";
			outputFileListPaths = (
				"${PODS_ROOT}/Target Support Files/Pods-TrackIT/Pods-TrackIT-frameworks-${CONFIGURATION}-output-files.xcfilelist",
			);
			runOnlyForDeploymentPostprocessing = 0;
			shellPath = /bin/sh;
			shellScript = "\"${PODS_ROOT}/Target Support Files/Pods-TrackIT/Pods-TrackIT-frameworks.sh\"\n";
			showEnvVarsInLog = 0;
		};
		A288902BE1105AEDC9155544 /* [CP] Check Pods Manifest.lock */ = {
			isa = PBXShellScriptBuildPhase;
			buildActionMask = 2147483647;
			files = (
			);
			inputFileListPaths = (
			);
			inputPaths = (
				"${PODS_PODFILE_DIR_PATH}/Podfile.lock",
				"${PODS_ROOT}/Manifest.lock",
			);
			name = "[CP] Check Pods Manifest.lock";
			outputFileListPaths = (
			);
			outputPaths = (
				"$(DERIVED_FILE_DIR)/Pods-TrackIT-checkManifestLockResult.txt",
			);
			runOnlyForDeploymentPostprocessing = 0;
			shellPath = /bin/sh;
			shellScript = "diff \"${PODS_PODFILE_DIR_PATH}/Podfile.lock\" \"${PODS_ROOT}/Manifest.lock\" > /dev/null\nif [ $? != 0 ] ; then\n    # print error to STDERR\n    echo \"error: The sandbox is not in sync with the Podfile.lock. Run 'pod install' or update your CocoaPods installation.\" >&2\n    exit 1\nfi\n# This output is used by Xcode 'outputs' to avoid re-running this script phase.\necho \"SUCCESS\" > \"${SCRIPT_OUTPUT_FILE_0}\"\n";
			showEnvVarsInLog = 0;
		};
/* End PBXShellScriptBuildPhase section */

/* Begin PBXSourcesBuildPhase section */
		044E6169237F3EB60061A071 /* Sources */ = {
			isa = PBXSourcesBuildPhase;
			buildActionMask = 2147483647;
			files = (
				042D1056237F60DF00B88362 /* BorderRadiusView.swift in Sources */,
				044E618A237F47A40061A071 /* TrackingController.swift in Sources */,
				044E6179237F3EB60061A071 /* TrackIT.xcdatamodeld in Sources */,
				042D104F237F522300B88362 /* LuggagesController.swift in Sources */,
				042D1058237FFF5800B88362 /* Event.swift in Sources */,
				042D105C23801AC200B88362 /* BorderRadiusButton.swift in Sources */,
				042D105A2380138C00B88362 /* EventsController.swift in Sources */,
				044E618D237F4B9F0061A071 /* BaseURL.swift in Sources */,
				042D1053237F545700B88362 /* Luggage.swift in Sources */,
				044E6173237F3EB60061A071 /* ViewController.swift in Sources */,
				044E6188237F46D70061A071 /* API.swift in Sources */,
				044E6171237F3EB60061A071 /* AppDelegate.swift in Sources */,
			);
			runOnlyForDeploymentPostprocessing = 0;
		};
/* End PBXSourcesBuildPhase section */

/* Begin PBXVariantGroup section */
		044E6174237F3EB60061A071 /* Main.storyboard */ = {
			isa = PBXVariantGroup;
			children = (
				044E6175237F3EB60061A071 /* Base */,
			);
			name = Main.storyboard;
			sourceTree = "<group>";
		};
		044E617C237F3EB70061A071 /* LaunchScreen.storyboard */ = {
			isa = PBXVariantGroup;
			children = (
				044E617D237F3EB70061A071 /* Base */,
			);
			name = LaunchScreen.storyboard;
			sourceTree = "<group>";
		};
/* End PBXVariantGroup section */

/* Begin XCBuildConfiguration section */
		044E6180237F3EB70061A071 /* Debug */ = {
			isa = XCBuildConfiguration;
			buildSettings = {
				ALWAYS_SEARCH_USER_PATHS = NO;
				CLANG_ANALYZER_NONNULL = YES;
				CLANG_ANALYZER_NUMBER_OBJECT_CONVERSION = YES_AGGRESSIVE;
				CLANG_CXX_LANGUAGE_STANDARD = "gnu++14";
				CLANG_CXX_LIBRARY = "libc++";
				CLANG_ENABLE_MODULES = YES;
				CLANG_ENABLE_OBJC_ARC = YES;
				CLANG_ENABLE_OBJC_WEAK = YES;
				CLANG_WARN_BLOCK_CAPTURE_AUTORELEASING = YES;
				CLANG_WARN_BOOL_CONVERSION = YES;
				CLANG_WARN_COMMA = YES;
				CLANG_WARN_CONSTANT_CONVERSION = YES;
				CLANG_WARN_DEPRECATED_OBJC_IMPLEMENTATIONS = YES;
				CLANG_WARN_DIRECT_OBJC_ISA_USAGE = YES_ERROR;
				CLANG_WARN_DOCUMENTATION_COMMENTS = YES;
				CLANG_WARN_EMPTY_BODY = YES;
				CLANG_WARN_ENUM_CONVERSION = YES;
				CLANG_WARN_INFINITE_RECURSION = YES;
				CLANG_WARN_INT_CONVERSION = YES;
				CLANG_WARN_NON_LITERAL_NULL_CONVERSION = YES;
				CLANG_WARN_OBJC_IMPLICIT_RETAIN_SELF = YES;
				CLANG_WARN_OBJC_LITERAL_CONVERSION = YES;
				CLANG_WARN_OBJC_ROOT_CLASS = YES_ERROR;
				CLANG_WARN_RANGE_LOOP_ANALYSIS = YES;
				CLANG_WARN_STRICT_PROTOTYPES = YES;
				CLANG_WARN_SUSPICIOUS_MOVE = YES;
				CLANG_WARN_UNGUARDED_AVAILABILITY = YES_AGGRESSIVE;
				CLANG_WARN_UNREACHABLE_CODE = YES;
				CLANG_WARN__DUPLICATE_METHOD_MATCH = YES;
				CODE_SIGN_IDENTITY = "iPhone Developer";
				COPY_PHASE_STRIP = NO;
				DEBUG_INFORMATION_FORMAT = dwarf;
				ENABLE_STRICT_OBJC_MSGSEND = YES;
				ENABLE_TESTABILITY = YES;
				GCC_C_LANGUAGE_STANDARD = gnu11;
				GCC_DYNAMIC_NO_PIC = NO;
				GCC_NO_COMMON_BLOCKS = YES;
				GCC_OPTIMIZATION_LEVEL = 0;
				GCC_PREPROCESSOR_DEFINITIONS = (
					"DEBUG=1",
					"$(inherited)",
				);
				GCC_WARN_64_TO_32_BIT_CONVERSION = YES;
				GCC_WARN_ABOUT_RETURN_TYPE = YES_ERROR;
				GCC_WARN_UNDECLARED_SELECTOR = YES;
				GCC_WARN_UNINITIALIZED_AUTOS = YES_AGGRESSIVE;
				GCC_WARN_UNUSED_FUNCTION = YES;
				GCC_WARN_UNUSED_VARIABLE = YES;
				IPHONEOS_DEPLOYMENT_TARGET = 12.1;
				MTL_ENABLE_DEBUG_INFO = INCLUDE_SOURCE;
				MTL_FAST_MATH = YES;
				ONLY_ACTIVE_ARCH = YES;
				SDKROOT = iphoneos;
				SWIFT_ACTIVE_COMPILATION_CONDITIONS = DEBUG;
				SWIFT_OPTIMIZATION_LEVEL = "-Onone";
			};
			name = Debug;
		};
		044E6181237F3EB70061A071 /* Release */ = {
			isa = XCBuildConfiguration;
			buildSettings = {
				ALWAYS_SEARCH_USER_PATHS = NO;
				CLANG_ANALYZER_NONNULL = YES;
				CLANG_ANALYZER_NUMBER_OBJECT_CONVERSION = YES_AGGRESSIVE;
				CLANG_CXX_LANGUAGE_STANDARD = "gnu++14";
				CLANG_CXX_LIBRARY = "libc++";
				CLANG_ENABLE_MODULES = YES;
				CLANG_ENABLE_OBJC_ARC = YES;
				CLANG_ENABLE_OBJC_WEAK = YES;
				CLANG_WARN_BLOCK_CAPTURE_AUTORELEASING = YES;
				CLANG_WARN_BOOL_CONVERSION = YES;
				CLANG_WARN_COMMA = YES;
				CLANG_WARN_CONSTANT_CONVERSION = YES;
				CLANG_WARN_DEPRECATED_OBJC_IMPLEMENTATIONS = YES;
				CLANG_WARN_DIRECT_OBJC_ISA_USAGE = YES_ERROR;
				CLANG_WARN_DOCUMENTATION_COMMENTS = YES;
				CLANG_WARN_EMPTY_BODY = YES;
				CLANG_WARN_ENUM_CONVERSION = YES;
				CLANG_WARN_INFINITE_RECURSION = YES;
				CLANG_WARN_INT_CONVERSION = YES;
				CLANG_WARN_NON_LITERAL_NULL_CONVERSION = YES;
				CLANG_WARN_OBJC_IMPLICIT_RETAIN_SELF = YES;
				CLANG_WARN_OBJC_LITERAL_CONVERSION = YES;
				CLANG_WARN_OBJC_ROOT_CLASS = YES_ERROR;
				CLANG_WARN_RANGE_LOOP_ANALYSIS = YES;
				CLANG_WARN_STRICT_PROTOTYPES = YES;
				CLANG_WARN_SUSPICIOUS_MOVE = YES;
				CLANG_WARN_UNGUARDED_AVAILABILITY = YES_AGGRESSIVE;
				CLANG_WARN_UNREACHABLE_CODE = YES;
				CLANG_WARN__DUPLICATE_METHOD_MATCH = YES;
				CODE_SIGN_IDENTITY = "iPhone Developer";
				COPY_PHASE_STRIP = NO;
				DEBUG_INFORMATION_FORMAT = "dwarf-with-dsym";
				ENABLE_NS_ASSERTIONS = NO;
				ENABLE_STRICT_OBJC_MSGSEND = YES;
				GCC_C_LANGUAGE_STANDARD = gnu11;
				GCC_NO_COMMON_BLOCKS = YES;
				GCC_WARN_64_TO_32_BIT_CONVERSION = YES;
				GCC_WARN_ABOUT_RETURN_TYPE = YES_ERROR;
				GCC_WARN_UNDECLARED_SELECTOR = YES;
				GCC_WARN_UNINITIALIZED_AUTOS = YES_AGGRESSIVE;
				GCC_WARN_UNUSED_FUNCTION = YES;
				GCC_WARN_UNUSED_VARIABLE = YES;
				IPHONEOS_DEPLOYMENT_TARGET = 12.1;
				MTL_ENABLE_DEBUG_INFO = NO;
				MTL_FAST_MATH = YES;
				SDKROOT = iphoneos;
				SWIFT_COMPILATION_MODE = wholemodule;
				SWIFT_OPTIMIZATION_LEVEL = "-O";
				VALIDATE_PRODUCT = YES;
			};
			name = Release;
		};
		044E6183237F3EB70061A071 /* Debug */ = {
			isa = XCBuildConfiguration;
			baseConfigurationReference = 77EBFF771023DD90DED0D4B6 /* Pods-TrackIT.debug.xcconfig */;
			buildSettings = {
				ASSETCATALOG_COMPILER_APPICON_NAME = AppIcon;
				CODE_SIGN_STYLE = Automatic;
				DEVELOPMENT_TEAM = 4X85BQQX8A;
				INFOPLIST_FILE = TrackIT/Info.plist;
				IPHONEOS_DEPLOYMENT_TARGET = 11.0;
				LD_RUNPATH_SEARCH_PATHS = (
					"$(inherited)",
					"@executable_path/Frameworks",
				);
				PRODUCT_BUNDLE_IDENTIFIER = com.TrackIT2;
				PRODUCT_NAME = "$(TARGET_NAME)";
				SWIFT_VERSION = 4.2;
				TARGETED_DEVICE_FAMILY = "1,2";
			};
			name = Debug;
		};
		044E6184237F3EB70061A071 /* Release */ = {
			isa = XCBuildConfiguration;
			baseConfigurationReference = 0EFA55BBF612B069EBCD4580 /* Pods-TrackIT.release.xcconfig */;
			buildSettings = {
				ASSETCATALOG_COMPILER_APPICON_NAME = AppIcon;
				CODE_SIGN_STYLE = Automatic;
				DEVELOPMENT_TEAM = 4X85BQQX8A;
				INFOPLIST_FILE = TrackIT/Info.plist;
				IPHONEOS_DEPLOYMENT_TARGET = 11.0;
				LD_RUNPATH_SEARCH_PATHS = (
					"$(inherited)",
					"@executable_path/Frameworks",
				);
				PRODUCT_BUNDLE_IDENTIFIER = com.TrackIT2;
				PRODUCT_NAME = "$(TARGET_NAME)";
				SWIFT_VERSION = 4.2;
				TARGETED_DEVICE_FAMILY = "1,2";
			};
			name = Release;
		};
/* End XCBuildConfiguration section */

/* Begin XCConfigurationList section */
		044E6168237F3EB60061A071 /* Build configuration list for PBXProject "TrackIT" */ = {
			isa = XCConfigurationList;
			buildConfigurations = (
				044E6180237F3EB70061A071 /* Debug */,
				044E6181237F3EB70061A071 /* Release */,
			);
			defaultConfigurationIsVisible = 0;
			defaultConfigurationName = Release;
		};
		044E6182237F3EB70061A071 /* Build configuration list for PBXNativeTarget "TrackIT" */ = {
			isa = XCConfigurationList;
			buildConfigurations = (
				044E6183237F3EB70061A071 /* Debug */,
				044E6184237F3EB70061A071 /* Release */,
			);
			defaultConfigurationIsVisible = 0;
			defaultConfigurationName = Release;
		};
/* End XCConfigurationList section */

/* Begin XCVersionGroup section */
		044E6177237F3EB60061A071 /* TrackIT.xcdatamodeld */ = {
			isa = XCVersionGroup;
			children = (
				044E6178237F3EB60061A071 /* TrackIT.xcdatamodel */,
			);
			currentVersion = 044E6178237F3EB60061A071 /* TrackIT.xcdatamodel */;
			path = TrackIT.xcdatamodeld;
			sourceTree = "<group>";
			versionGroupType = wrapper.xcdatamodel;
		};
/* End XCVersionGroup section */
	};
	rootObject = 044E6165237F3EB60061A071 /* Project object */;
}
